
Microsoft Visual Studio Solution File, Format Version 12.00
# Visual Studio Version 17
VisualStudioVersion = 17.0.31903.59
MinimumVisualStudioVersion = 10.0.40219.1
Project("{2150E333-8FDC-42A3-9474-1A3956D46DE8}") = "src", "src", "{827E0CD3-B72D-47B6-A68D-7590B98EB39B}"
EndProject
Project("{FAE04EC0-301F-11D3-BF4B-00C04F79EFBC}") = "Domain", "src\Domain\Domain.csproj", "{551670B2-C805-4BCD-BAF4-C09926787C44}"
EndProject
Project("{FAE04EC0-301F-11D3-BF4B-00C04F79EFBC}") = "Application", "src\Application\Application.csproj", "{511CDF1C-17E4-41F8-BAD1-BD015F5BEB5D}"
EndProject
Project("{FAE04EC0-301F-11D3-BF4B-00C04F79EFBC}") = "Infrastructure", "src\Infrastructure\Infrastructure.csproj", "{113CC119-8D14-421A-B16E-F45EB5BB466D}"
EndProject
Project("{FAE04EC0-301F-11D3-BF4B-00C04F79EFBC}") = "Persistence", "src\Persistence\Persistence.csproj", "{D9C5E960-5A97-4147-9681-BEDBDB6DD83D}"
EndProject
Project("{FAE04EC0-301F-11D3-BF4B-00C04F79EFBC}") = "SharedKernel", "src\SharedKernel\SharedKernel.csproj", "{BE5D1966-3D34-42F1-BFFE-93F601AA4C2D}"
EndProject
Project("{2150E333-8FDC-42A3-9474-1A3956D46DE8}") = "tests", "tests", "{0AB3BF05-4346-4AA6-1389-037BE0695223}"
EndProject
Project("{FAE04EC0-301F-11D3-BF4B-00C04F79EFBC}") = "CommonTestUtilities", "tests\CommonTestUtilities\CommonTestUtilities.csproj", "{70C94F36-353A-4E5A-AFD2-6789DB0C1BB2}"
EndProject
Project("{FAE04EC0-301F-11D3-BF4B-00C04F79EFBC}") = "UnitTests", "tests\UnitTests\UnitTests.csproj", "{66B0A360-29F3-44A5-A7B8-5FD8737EB6BE}"
EndProject
Project("{FAE04EC0-301F-11D3-BF4B-00C04F79EFBC}") = "IntegrationTests", "tests\IntegrationTests\IntegrationTests.csproj", "{F99060B7-F886-4F96-80FE-53014FDCC658}"
EndProject
Project("{FAE04EC0-301F-11D3-BF4B-00C04F79EFBC}") = "FunctionalTests", "tests\FunctionalTests\FunctionalTests.csproj", "{2788B2F1-4D52-4CC6-BADF-5952F3BB985D}"
EndProject
Project("{FAE04EC0-301F-11D3-BF4B-00C04F79EFBC}") = "ArchitectureTests", "tests\ArchitectureTests\ArchitectureTests.csproj", "{6E31C227-0A7B-42D3-BAAB-F57A20056123}"
EndProject
Project("{2150E333-8FDC-42A3-9474-1A3956D46DE8}") = "Solution Items", "Solution Items", "{380A7511-A354-6D7A-0CC0-8FA1F1BA7B6C}"
	ProjectSection(SolutionItems) = preProject
		.editorconfig = .editorconfig
		.gitignore = .gitignore
		Directory.Build.props = Directory.Build.props
		global.json = global.json
		README.md = README.md
	EndProjectSection
EndProject
Project("{FAE04EC0-301F-11D3-BF4B-00C04F79EFBC}") = "Web.API", "src\Web.API\Web.API.csproj", "{360DCCA8-1476-4643-A799-224893CE0A79}"
EndProject
Project("{E53339B2-1760-4266-BCC7-CA923CBCF16C}") = "docker-compose", "docker-compose.dcproj", "{9DEACD54-EF8D-403B-95D9-C96ABCEAB0E5}"
EndProject
Global
	GlobalSection(SolutionConfigurationPlatforms) = preSolution
		Debug|Any CPU = Debug|Any CPU
		Debug|x64 = Debug|x64
		Debug|x86 = Debug|x86
		Release|Any CPU = Release|Any CPU
		Release|x64 = Release|x64
		Release|x86 = Release|x86
	EndGlobalSection
	GlobalSection(ProjectConfigurationPlatforms) = postSolution
		{551670B2-C805-4BCD-BAF4-C09926787C44}.Debug|Any CPU.ActiveCfg = Debug|Any CPU
		{551670B2-C805-4BCD-BAF4-C09926787C44}.Debug|Any CPU.Build.0 = Debug|Any CPU
		{551670B2-C805-4BCD-BAF4-C09926787C44}.Debug|x64.ActiveCfg = Debug|Any CPU
		{551670B2-C805-4BCD-BAF4-C09926787C44}.Debug|x64.Build.0 = Debug|Any CPU
		{551670B2-C805-4BCD-BAF4-C09926787C44}.Debug|x86.ActiveCfg = Debug|Any CPU
		{551670B2-C805-4BCD-BAF4-C09926787C44}.Debug|x86.Build.0 = Debug|Any CPU
		{551670B2-C805-4BCD-BAF4-C09926787C44}.Release|Any CPU.ActiveCfg = Release|Any CPU
		{551670B2-C805-4BCD-BAF4-C09926787C44}.Release|Any CPU.Build.0 = Release|Any CPU
		{551670B2-C805-4BCD-BAF4-C09926787C44}.Release|x64.ActiveCfg = Release|Any CPU
		{551670B2-C805-4BCD-BAF4-C09926787C44}.Release|x64.Build.0 = Release|Any CPU
		{551670B2-C805-4BCD-BAF4-C09926787C44}.Release|x86.ActiveCfg = Release|Any CPU
		{551670B2-C805-4BCD-BAF4-C09926787C44}.Release|x86.Build.0 = Release|Any CPU
		{511CDF1C-17E4-41F8-BAD1-BD015F5BEB5D}.Debug|Any CPU.ActiveCfg = Debug|Any CPU
		{511CDF1C-17E4-41F8-BAD1-BD015F5BEB5D}.Debug|Any CPU.Build.0 = Debug|Any CPU
		{511CDF1C-17E4-41F8-BAD1-BD015F5BEB5D}.Debug|x64.ActiveCfg = Debug|Any CPU
		{511CDF1C-17E4-41F8-BAD1-BD015F5BEB5D}.Debug|x64.Build.0 = Debug|Any CPU
		{511CDF1C-17E4-41F8-BAD1-BD015F5BEB5D}.Debug|x86.ActiveCfg = Debug|Any CPU
		{511CDF1C-17E4-41F8-BAD1-BD015F5BEB5D}.Debug|x86.Build.0 = Debug|Any CPU
		{511CDF1C-17E4-41F8-BAD1-BD015F5BEB5D}.Release|Any CPU.ActiveCfg = Release|Any CPU
		{511CDF1C-17E4-41F8-BAD1-BD015F5BEB5D}.Release|Any CPU.Build.0 = Release|Any CPU
		{511CDF1C-17E4-41F8-BAD1-BD015F5BEB5D}.Release|x64.ActiveCfg = Release|Any CPU
		{511CDF1C-17E4-41F8-BAD1-BD015F5BEB5D}.Release|x64.Build.0 = Release|Any CPU
		{511CDF1C-17E4-41F8-BAD1-BD015F5BEB5D}.Release|x86.ActiveCfg = Release|Any CPU
		{511CDF1C-17E4-41F8-BAD1-BD015F5BEB5D}.Release|x86.Build.0 = Release|Any CPU
		{113CC119-8D14-421A-B16E-F45EB5BB466D}.Debug|Any CPU.ActiveCfg = Debug|Any CPU
		{113CC119-8D14-421A-B16E-F45EB5BB466D}.Debug|Any CPU.Build.0 = Debug|Any CPU
		{113CC119-8D14-421A-B16E-F45EB5BB466D}.Debug|x64.ActiveCfg = Debug|Any CPU
		{113CC119-8D14-421A-B16E-F45EB5BB466D}.Debug|x64.Build.0 = Debug|Any CPU
		{113CC119-8D14-421A-B16E-F45EB5BB466D}.Debug|x86.ActiveCfg = Debug|Any CPU
		{113CC119-8D14-421A-B16E-F45EB5BB466D}.Debug|x86.Build.0 = Debug|Any CPU
		{113CC119-8D14-421A-B16E-F45EB5BB466D}.Release|Any CPU.ActiveCfg = Release|Any CPU
		{113CC119-8D14-421A-B16E-F45EB5BB466D}.Release|Any CPU.Build.0 = Release|Any CPU
		{113CC119-8D14-421A-B16E-F45EB5BB466D}.Release|x64.ActiveCfg = Release|Any CPU
		{113CC119-8D14-421A-B16E-F45EB5BB466D}.Release|x64.Build.0 = Release|Any CPU
		{113CC119-8D14-421A-B16E-F45EB5BB466D}.Release|x86.ActiveCfg = Release|Any CPU
		{113CC119-8D14-421A-B16E-F45EB5BB466D}.Release|x86.Build.0 = Release|Any CPU
		{D9C5E960-5A97-4147-9681-BEDBDB6DD83D}.Debug|Any CPU.ActiveCfg = Debug|Any CPU
		{D9C5E960-5A97-4147-9681-BEDBDB6DD83D}.Debug|Any CPU.Build.0 = Debug|Any CPU
		{D9C5E960-5A97-4147-9681-BEDBDB6DD83D}.Debug|x64.ActiveCfg = Debug|Any CPU
		{D9C5E960-5A97-4147-9681-BEDBDB6DD83D}.Debug|x64.Build.0 = Debug|Any CPU
		{D9C5E960-5A97-4147-9681-BEDBDB6DD83D}.Debug|x86.ActiveCfg = Debug|Any CPU
		{D9C5E960-5A97-4147-9681-BEDBDB6DD83D}.Debug|x86.Build.0 = Debug|Any CPU
		{D9C5E960-5A97-4147-9681-BEDBDB6DD83D}.Release|Any CPU.ActiveCfg = Release|Any CPU
		{D9C5E960-5A97-4147-9681-BEDBDB6DD83D}.Release|Any CPU.Build.0 = Release|Any CPU
		{D9C5E960-5A97-4147-9681-BEDBDB6DD83D}.Release|x64.ActiveCfg = Release|Any CPU
		{D9C5E960-5A97-4147-9681-BEDBDB6DD83D}.Release|x64.Build.0 = Release|Any CPU
		{D9C5E960-5A97-4147-9681-BEDBDB6DD83D}.Release|x86.ActiveCfg = Release|Any CPU
		{D9C5E960-5A97-4147-9681-BEDBDB6DD83D}.Release|x86.Build.0 = Release|Any CPU
		{BE5D1966-3D34-42F1-BFFE-93F601AA4C2D}.Debug|Any CPU.ActiveCfg = Debug|Any CPU
		{BE5D1966-3D34-42F1-BFFE-93F601AA4C2D}.Debug|Any CPU.Build.0 = Debug|Any CPU
		{BE5D1966-3D34-42F1-BFFE-93F601AA4C2D}.Debug|x64.ActiveCfg = Debug|Any CPU
		{BE5D1966-3D34-42F1-BFFE-93F601AA4C2D}.Debug|x64.Build.0 = Debug|Any CPU
		{BE5D1966-3D34-42F1-BFFE-93F601AA4C2D}.Debug|x86.ActiveCfg = Debug|Any CPU
		{BE5D1966-3D34-42F1-BFFE-93F601AA4C2D}.Debug|x86.Build.0 = Debug|Any CPU
		{BE5D1966-3D34-42F1-BFFE-93F601AA4C2D}.Release|Any CPU.ActiveCfg = Release|Any CPU
		{BE5D1966-3D34-42F1-BFFE-93F601AA4C2D}.Release|Any CPU.Build.0 = Release|Any CPU
		{BE5D1966-3D34-42F1-BFFE-93F601AA4C2D}.Release|x64.ActiveCfg = Release|Any CPU
		{BE5D1966-3D34-42F1-BFFE-93F601AA4C2D}.Release|x64.Build.0 = Release|Any CPU
		{BE5D1966-3D34-42F1-BFFE-93F601AA4C2D}.Release|x86.ActiveCfg = Release|Any CPU
		{BE5D1966-3D34-42F1-BFFE-93F601AA4C2D}.Release|x86.Build.0 = Release|Any CPU
		{70C94F36-353A-4E5A-AFD2-6789DB0C1BB2}.Debug|Any CPU.ActiveCfg = Debug|Any CPU
		{70C94F36-353A-4E5A-AFD2-6789DB0C1BB2}.Debug|Any CPU.Build.0 = Debug|Any CPU
		{70C94F36-353A-4E5A-AFD2-6789DB0C1BB2}.Debug|x64.ActiveCfg = Debug|Any CPU
		{70C94F36-353A-4E5A-AFD2-6789DB0C1BB2}.Debug|x64.Build.0 = Debug|Any CPU
		{70C94F36-353A-4E5A-AFD2-6789DB0C1BB2}.Debug|x86.ActiveCfg = Debug|Any CPU
		{70C94F36-353A-4E5A-AFD2-6789DB0C1BB2}.Debug|x86.Build.0 = Debug|Any CPU
		{70C94F36-353A-4E5A-AFD2-6789DB0C1BB2}.Release|Any CPU.ActiveCfg = Release|Any CPU
		{70C94F36-353A-4E5A-AFD2-6789DB0C1BB2}.Release|Any CPU.Build.0 = Release|Any CPU
		{70C94F36-353A-4E5A-AFD2-6789DB0C1BB2}.Release|x64.ActiveCfg = Release|Any CPU
		{70C94F36-353A-4E5A-AFD2-6789DB0C1BB2}.Release|x64.Build.0 = Release|Any CPU
		{70C94F36-353A-4E5A-AFD2-6789DB0C1BB2}.Release|x86.ActiveCfg = Release|Any CPU
		{70C94F36-353A-4E5A-AFD2-6789DB0C1BB2}.Release|x86.Build.0 = Release|Any CPU
		{66B0A360-29F3-44A5-A7B8-5FD8737EB6BE}.Debug|Any CPU.ActiveCfg = Debug|Any CPU
		{66B0A360-29F3-44A5-A7B8-5FD8737EB6BE}.Debug|Any CPU.Build.0 = Debug|Any CPU
		{66B0A360-29F3-44A5-A7B8-5FD8737EB6BE}.Debug|x64.ActiveCfg = Debug|Any CPU
		{66B0A360-29F3-44A5-A7B8-5FD8737EB6BE}.Debug|x64.Build.0 = Debug|Any CPU
		{66B0A360-29F3-44A5-A7B8-5FD8737EB6BE}.Debug|x86.ActiveCfg = Debug|Any CPU
		{66B0A360-29F3-44A5-A7B8-5FD8737EB6BE}.Debug|x86.Build.0 = Debug|Any CPU
		{66B0A360-29F3-44A5-A7B8-5FD8737EB6BE}.Release|Any CPU.ActiveCfg = Release|Any CPU
		{66B0A360-29F3-44A5-A7B8-5FD8737EB6BE}.Release|Any CPU.Build.0 = Release|Any CPU
		{66B0A360-29F3-44A5-A7B8-5FD8737EB6BE}.Release|x64.ActiveCfg = Release|Any CPU
		{66B0A360-29F3-44A5-A7B8-5FD8737EB6BE}.Release|x64.Build.0 = Release|Any CPU
		{66B0A360-29F3-44A5-A7B8-5FD8737EB6BE}.Release|x86.ActiveCfg = Release|Any CPU
		{66B0A360-29F3-44A5-A7B8-5FD8737EB6BE}.Release|x86.Build.0 = Release|Any CPU
		{F99060B7-F886-4F96-80FE-53014FDCC658}.Debug|Any CPU.ActiveCfg = Debug|Any CPU
		{F99060B7-F886-4F96-80FE-53014FDCC658}.Debug|Any CPU.Build.0 = Debug|Any CPU
		{F99060B7-F886-4F96-80FE-53014FDCC658}.Debug|x64.ActiveCfg = Debug|Any CPU
		{F99060B7-F886-4F96-80FE-53014FDCC658}.Debug|x64.Build.0 = Debug|Any CPU
		{F99060B7-F886-4F96-80FE-53014FDCC658}.Debug|x86.ActiveCfg = Debug|Any CPU
		{F99060B7-F886-4F96-80FE-53014FDCC658}.Debug|x86.Build.0 = Debug|Any CPU
		{F99060B7-F886-4F96-80FE-53014FDCC658}.Release|Any CPU.ActiveCfg = Release|Any CPU
		{F99060B7-F886-4F96-80FE-53014FDCC658}.Release|Any CPU.Build.0 = Release|Any CPU
		{F99060B7-F886-4F96-80FE-53014FDCC658}.Release|x64.ActiveCfg = Release|Any CPU
		{F99060B7-F886-4F96-80FE-53014FDCC658}.Release|x64.Build.0 = Release|Any CPU
		{F99060B7-F886-4F96-80FE-53014FDCC658}.Release|x86.ActiveCfg = Release|Any CPU
		{F99060B7-F886-4F96-80FE-53014FDCC658}.Release|x86.Build.0 = Release|Any CPU
		{2788B2F1-4D52-4CC6-BADF-5952F3BB985D}.Debug|Any CPU.ActiveCfg = Debug|Any CPU
		{2788B2F1-4D52-4CC6-BADF-5952F3BB985D}.Debug|Any CPU.Build.0 = Debug|Any CPU
		{2788B2F1-4D52-4CC6-BADF-5952F3BB985D}.Debug|x64.ActiveCfg = Debug|Any CPU
		{2788B2F1-4D52-4CC6-BADF-5952F3BB985D}.Debug|x64.Build.0 = Debug|Any CPU
		{2788B2F1-4D52-4CC6-BADF-5952F3BB985D}.Debug|x86.ActiveCfg = Debug|Any CPU
		{2788B2F1-4D52-4CC6-BADF-5952F3BB985D}.Debug|x86.Build.0 = Debug|Any CPU
		{2788B2F1-4D52-4CC6-BADF-5952F3BB985D}.Release|Any CPU.ActiveCfg = Release|Any CPU
		{2788B2F1-4D52-4CC6-BADF-5952F3BB985D}.Release|Any CPU.Build.0 = Release|Any CPU
		{2788B2F1-4D52-4CC6-BADF-5952F3BB985D}.Release|x64.ActiveCfg = Release|Any CPU
		{2788B2F1-4D52-4CC6-BADF-5952F3BB985D}.Release|x64.Build.0 = Release|Any CPU
		{2788B2F1-4D52-4CC6-BADF-5952F3BB985D}.Release|x86.ActiveCfg = Release|Any CPU
		{2788B2F1-4D52-4CC6-BADF-5952F3BB985D}.Release|x86.Build.0 = Release|Any CPU
		{6E31C227-0A7B-42D3-BAAB-F57A20056123}.Debug|Any CPU.ActiveCfg = Debug|Any CPU
		{6E31C227-0A7B-42D3-BAAB-F57A20056123}.Debug|Any CPU.Build.0 = Debug|Any CPU
		{6E31C227-0A7B-42D3-BAAB-F57A20056123}.Debug|x64.ActiveCfg = Debug|Any CPU
		{6E31C227-0A7B-42D3-BAAB-F57A20056123}.Debug|x64.Build.0 = Debug|Any CPU
		{6E31C227-0A7B-42D3-BAAB-F57A20056123}.Debug|x86.ActiveCfg = Debug|Any CPU
		{6E31C227-0A7B-42D3-BAAB-F57A20056123}.Debug|x86.Build.0 = Debug|Any CPU
		{6E31C227-0A7B-42D3-BAAB-F57A20056123}.Release|Any CPU.ActiveCfg = Release|Any CPU
		{6E31C227-0A7B-42D3-BAAB-F57A20056123}.Release|Any CPU.Build.0 = Release|Any CPU
		{6E31C227-0A7B-42D3-BAAB-F57A20056123}.Release|x64.ActiveCfg = Release|Any CPU
		{6E31C227-0A7B-42D3-BAAB-F57A20056123}.Release|x64.Build.0 = Release|Any CPU
		{6E31C227-0A7B-42D3-BAAB-F57A20056123}.Release|x86.ActiveCfg = Release|Any CPU
		{6E31C227-0A7B-42D3-BAAB-F57A20056123}.Release|x86.Build.0 = Release|Any CPU
		{360DCCA8-1476-4643-A799-224893CE0A79}.Debug|Any CPU.ActiveCfg = Debug|Any CPU
		{360DCCA8-1476-4643-A799-224893CE0A79}.Debug|Any CPU.Build.0 = Debug|Any CPU
		{360DCCA8-1476-4643-A799-224893CE0A79}.Debug|x64.ActiveCfg = Debug|Any CPU
		{360DCCA8-1476-4643-A799-224893CE0A79}.Debug|x64.Build.0 = Debug|Any CPU
		{360DCCA8-1476-4643-A799-224893CE0A79}.Debug|x86.ActiveCfg = Debug|Any CPU
		{360DCCA8-1476-4643-A799-224893CE0A79}.Debug|x86.Build.0 = Debug|Any CPU
		{360DCCA8-1476-4643-A799-224893CE0A79}.Release|Any CPU.ActiveCfg = Release|Any CPU
		{360DCCA8-1476-4643-A799-224893CE0A79}.Release|Any CPU.Build.0 = Release|Any CPU
		{360DCCA8-1476-4643-A799-224893CE0A79}.Release|x64.ActiveCfg = Release|Any CPU
		{360DCCA8-1476-4643-A799-224893CE0A79}.Release|x64.Build.0 = Release|Any CPU
		{360DCCA8-1476-4643-A799-224893CE0A79}.Release|x86.ActiveCfg = Release|Any CPU
		{360DCCA8-1476-4643-A799-224893CE0A79}.Release|x86.Build.0 = Release|Any CPU
		{9DEACD54-EF8D-403B-95D9-C96ABCEAB0E5}.Debug|Any CPU.ActiveCfg = Debug|Any CPU
		{9DEACD54-EF8D-403B-95D9-C96ABCEAB0E5}.Debug|Any CPU.Build.0 = Debug|Any CPU
		{9DEACD54-EF8D-403B-95D9-C96ABCEAB0E5}.Release|Any CPU.ActiveCfg = Release|Any CPU
		{9DEACD54-EF8D-403B-95D9-C96ABCEAB0E5}.Release|Any CPU.Build.0 = Release|Any CPU
	EndGlobalSection
	GlobalSection(SolutionProperties) = preSolution
		HideSolutionNode = FALSE
	EndGlobalSection
	GlobalSection(NestedProjects) = preSolution
		{551670B2-C805-4BCD-BAF4-C09926787C44} = {827E0CD3-B72D-47B6-A68D-7590B98EB39B}
		{511CDF1C-17E4-41F8-BAD1-BD015F5BEB5D} = {827E0CD3-B72D-47B6-A68D-7590B98EB39B}
		{113CC119-8D14-421A-B16E-F45EB5BB466D} = {827E0CD3-B72D-47B6-A68D-7590B98EB39B}
		{D9C5E960-5A97-4147-9681-BEDBDB6DD83D} = {827E0CD3-B72D-47B6-A68D-7590B98EB39B}
		{BE5D1966-3D34-42F1-BFFE-93F601AA4C2D} = {827E0CD3-B72D-47B6-A68D-7590B98EB39B}
		{70C94F36-353A-4E5A-AFD2-6789DB0C1BB2} = {0AB3BF05-4346-4AA6-1389-037BE0695223}
		{66B0A360-29F3-44A5-A7B8-5FD8737EB6BE} = {0AB3BF05-4346-4AA6-1389-037BE0695223}
		{F99060B7-F886-4F96-80FE-53014FDCC658} = {0AB3BF05-4346-4AA6-1389-037BE0695223}
		{2788B2F1-4D52-4CC6-BADF-5952F3BB985D} = {0AB3BF05-4346-4AA6-1389-037BE0695223}
		{6E31C227-0A7B-42D3-BAAB-F57A20056123} = {0AB3BF05-4346-4AA6-1389-037BE0695223}
		{360DCCA8-1476-4643-A799-224893CE0A79} = {827E0CD3-B72D-47B6-A68D-7590B98EB39B}
	EndGlobalSection
	GlobalSection(ExtensibilityGlobals) = postSolution
		SolutionGuid = {08A99FC3-F57E-4AA7-AB5B-E062B6A37EE7}
	EndGlobalSection
EndGlobal
